Microsoft Visual Studio Solution File, Format Version 12.00
# Visual Studio Version 17
VisualStudioVersion = 17.5.2.0
MinimumVisualStudioVersion = 10.0.40219.1
Project("{FAE04EC0-301F-11D3-BF4B-00C04F79EFBC}") = "ManagementApi", "ManagementApi.csproj", "{0ABFF3EF-D64D-B426-650F-EB183EAF4ACB}"
EndProject
Global
	GlobalSection(SolutionConfigurationPlatforms) = preSolution
		Debug|Any CPU = Debug|Any CPU
		Release|Any CPU = Release|Any CPU
	EndGlobalSection
	GlobalSection(ProjectConfigurationPlatforms) = postSolution
		{0ABFF3EF-D64D-B426-650F-EB183EAF4ACB}.Debug|Any CPU.ActiveCfg = Debug|Any CPU
		{0ABFF3EF-D64D-B426-650F-EB183EAF4ACB}.Debug|Any CPU.Build.0 = Debug|Any CPU
		{0ABFF3EF-D64D-B426-650F-EB183EAF4ACB}.Release|Any CPU.ActiveCfg = Release|Any CPU
		{0ABFF3EF-D64D-B426-650F-EB183EAF4ACB}.Release|Any CPU.Build.0 = Release|Any CPU
	EndGlobalSection
	GlobalSection(SolutionProperties) = preSolution
		HideSolutionNode = FALSE
	EndGlobalSection
	GlobalSection(ExtensibilityGlobals) = postSolution
		SolutionGuid = {BDD65F73-CA8C-4579-9659-0DBD606AF800}
	EndGlobalSection
EndGlobal
